
Microsoft Visual Studio Solution File, Format Version 12.00
# Visual Studio Version 16
VisualStudioVersion = 16.0.33927.289
MinimumVisualStudioVersion = 10.0.40219.1
Project("{888888A0-9F3D-457C-B088-3A5042F75D52}") = "PrintLabelsSpecifyBT", "PrintLabelsSpecifyBT\PrintLabelsSpecifyBT.pyproj", "{76BFB0F8-1347-4672-9D9B-5A3EB18BFE2E}"
EndProject
Global
	GlobalSection(SolutionConfigurationPlatforms) = preSolution
		Debug|Any CPU = Debug|Any CPU
		Release|Any CPU = Release|Any CPU
	EndGlobalSection
	GlobalSection(ProjectConfigurationPlatforms) = postSolution
		{76BFB0F8-1347-4672-9D9B-5A3EB18BFE2E}.Debug|Any CPU.ActiveCfg = Debug|Any CPU
		{76BFB0F8-1347-4672-9D9B-5A3EB18BFE2E}.Release|Any CPU.ActiveCfg = Release|Any CPU
	EndGlobalSection
	GlobalSection(SolutionProperties) = preSolution
		HideSolutionNode = FALSE
	EndGlobalSection
	GlobalSection(ExtensibilityGlobals) = postSolution
		SolutionGuid = {A2D3CE64-FFA6-4433-B01B-DEF48117EF04}
	EndGlobalSection
EndGlobal
